
Microsoft Visual Studio Solution File, Format Version 12.00
# Visual Studio Version 17
VisualStudioVersion = 17.14.36327.8 d17.14
MinimumVisualStudioVersion = 10.0.40219.1
Project("{FAE04EC0-301F-11D3-BF4B-00C04F79EFBC}") = "IsEmriTakip.API", "IsEmriTakip.API\IsEmriTakip.API.csproj", "{ED611E55-8776-49C1-8E50-0D7DCDCD4820}"
EndProject
Global
	GlobalSection(SolutionConfigurationPlatforms) = preSolution
		Debug|Any CPU = Debug|Any CPU
		Release|Any CPU = Release|Any CPU
	EndGlobalSection
	GlobalSection(ProjectConfigurationPlatforms) = postSolution
		{ED611E55-8776-49C1-8E50-0D7DCDCD4820}.Debug|Any CPU.ActiveCfg = Debug|Any CPU
		{ED611E55-8776-49C1-8E50-0D7DCDCD4820}.Debug|Any CPU.Build.0 = Debug|Any CPU
		{ED611E55-8776-49C1-8E50-0D7DCDCD4820}.Release|Any CPU.ActiveCfg = Release|Any CPU
		{ED611E55-8776-49C1-8E50-0D7DCDCD4820}.Release|Any CPU.Build.0 = Release|Any CPU
	EndGlobalSection
	GlobalSection(SolutionProperties) = preSolution
		HideSolutionNode = FALSE
	EndGlobalSection
	GlobalSection(ExtensibilityGlobals) = postSolution
		SolutionGuid = {428793D9-74A6-4D4E-BB2D-08E591A55898}
	EndGlobalSection
EndGlobal
